
Microsoft Visual Studio Solution File, Format Version 12.00
# Visual Studio Version 17
VisualStudioVersion = 17.1.32228.430
MinimumVisualStudioVersion = 10.0.40219.1
Project("{FAE04EC0-301F-11D3-BF4B-00C04F79EFBC}") = "Cielo", "Cielo\Cielo.csproj", "{7B6D92D5-2198-4F73-9E95-6204AF3AFFC1}"
EndProject
Global
	GlobalSection(SolutionConfigurationPlatforms) = preSolution
		Debug|Any CPU = Debug|Any CPU
		Release|Any CPU = Release|Any CPU
	EndGlobalSection
	GlobalSection(ProjectConfigurationPlatforms) = postSolution
		{7B6D92D5-2198-4F73-9E95-6204AF3AFFC1}.Debug|Any CPU.ActiveCfg = Debug|Any CPU
		{7B6D92D5-2198-4F73-9E95-6204AF3AFFC1}.Debug|Any CPU.Build.0 = Debug|Any CPU
		{7B6D92D5-2198-4F73-9E95-6204AF3AFFC1}.Release|Any CPU.ActiveCfg = Release|Any CPU
		{7B6D92D5-2198-4F73-9E95-6204AF3AFFC1}.Release|Any CPU.Build.0 = Release|Any CPU
	EndGlobalSection
	GlobalSection(SolutionProperties) = preSolution
		HideSolutionNode = FALSE
	EndGlobalSection
	GlobalSection(ExtensibilityGlobals) = postSolution
		SolutionGuid = {89AE7AFF-EA11-4915-86E4-7919C4278031}
	EndGlobalSection
EndGlobal
